# This file is @generated by PDM.
# It is not intended for manual editing.

[[package]]
name = "setuptools"
version = "67.3.2"
requires_python = ">=3.7"
summary = "Easily download, build, install, upgrade, and uninstall Python packages"

[[package]]
name = "wheel"
version = "0.38.4"
requires_python = ">=3.7"
summary = "A built-package format for Python"

[metadata]
lock_version = "4.1"
content_hash = "sha256:94905aea7d792eb0d98d4932659c56f31059233bb9855063160033c184441284"

[metadata.files]
"setuptools 67.3.2" = [
    {url = "https://files.pythonhosted.org/packages/86/7b/f35d72b7a6acbc27732e88d7ceb7f224b3e0683bf645e1c9e2ac2cd96c0d/setuptools-67.3.2-py3-none-any.whl", hash = "sha256:bb6d8e508de562768f2027902929f8523932fcd1fb784e6d573d2cafac995a48"},
    {url = "https://files.pythonhosted.org/packages/a3/56/f49e7877e8d8a09faaeecde5ca61169e9cfd46d014def474daa31bf217ca/setuptools-67.3.2.tar.gz", hash = "sha256:95f00380ef2ffa41d9bba85d95b27689d923c93dfbafed4aecd7cf988a25e012"},
]
"wheel 0.38.4" = [
    {url = "https://files.pythonhosted.org/packages/a2/b8/6a06ff0f13a00fc3c3e7d222a995526cbca26c1ad107691b6b1badbbabf1/wheel-0.38.4.tar.gz", hash = "sha256:965f5259b566725405b05e7cf774052044b1ed30119b5d586b2703aafe8719ac"},
    {url = "https://files.pythonhosted.org/packages/bd/7c/d38a0b30ce22fc26ed7dbc087c6d00851fb3395e9d0dac40bec1f905030c/wheel-0.38.4-py3-none-any.whl", hash = "sha256:b60533f3f5d530e971d6737ca6d58681ee434818fab630c83a734bb10c083ce8"},
]
